// !$*UTF8*$!
{
	archiveVersion = 1;
	classes = {
	};
	objectVersion = 46;
	objects = {

/* Begin PBXBuildFile section */
		4C098B0F13CCC5A4006DAAE0 /* Cocoa.framework in Frameworks */ = {isa = PBXBuildFile; fileRef = 4C098B0E13CCC5A4006DAAE0 /* Cocoa.framework */; };
		4C098B1913CCC5A4006DAAE0 /* InfoPlist.strings in Resources */ = {isa = PBXBuildFile; fileRef = 4C098B1713CCC5A4006DAAE0 /* InfoPlist.strings */; };
		4C098B1B13CCC5A4006DAAE0 /* main.m in Sources */ = {isa = PBXBuildFile; fileRef = 4C098B1A13CCC5A4006DAAE0 /* main.m */; };
		4C098B1F13CCC5A4006DAAE0 /* Credits.rtf in Resources */ = {isa = PBXBuildFile; fileRef = 4C098B1D13CCC5A4006DAAE0 /* Credits.rtf */; };
		4C098B2213CCC5A4006DAAE0 /* Defender_benchmarkAppDelegate.m in Sources */ = {isa = PBXBuildFile; fileRef = 4C098B2113CCC5A4006DAAE0 /* Defender_benchmarkAppDelegate.m */; };
		4C098B2513CCC5A5006DAAE0 /* MainMenu.xib in Resources */ = {isa = PBXBuildFile; fileRef = 4C098B2313CCC5A5006DAAE0 /* MainMenu.xib */; };
		4C098B2D13CCC5A5006DAAE0 /* SenTestingKit.framework in Frameworks */ = {isa = PBXBuildFile; fileRef = 4C098B2C13CCC5A5006DAAE0 /* SenTestingKit.framework */; };
		4C098B2E13CCC5A5006DAAE0 /* Cocoa.framework in Frameworks */ = {isa = PBXBuildFile; fileRef = 4C098B0E13CCC5A4006DAAE0 /* Cocoa.framework */; };
		4C098B3613CCC5A5006DAAE0 /* InfoPlist.strings in Resources */ = {isa = PBXBuildFile; fileRef = 4C098B3413CCC5A5006DAAE0 /* InfoPlist.strings */; };
		4C098B3813CCC5A5006DAAE0 /* Defender_benchmarkTests.h in Resources */ = {isa = PBXBuildFile; fileRef = 4C098B3713CCC5A5006DAAE0 /* Defender_benchmarkTests.h */; };
		4C098B3A13CCC5A5006DAAE0 /* Defender_benchmarkTests.m in Sources */ = {isa = PBXBuildFile; fileRef = 4C098B3913CCC5A5006DAAE0 /* Defender_benchmarkTests.m */; };
		4C098B4513CCC5D8006DAAE0 /* Dice.m in Sources */ = {isa = PBXBuildFile; fileRef = 4C098B4413CCC5D8006DAAE0 /* Dice.m */; };
		4C098B4613CCC5D8006DAAE0 /* Dice.m in Sources */ = {isa = PBXBuildFile; fileRef = 4C098B4413CCC5D8006DAAE0 /* Dice.m */; };
/* End PBXBuildFile section */

/* Begin PBXContainerItemProxy section */
		4C098B2F13CCC5A5006DAAE0 /* PBXContainerItemProxy */ = {
			isa = PBXContainerItemProxy;
			containerPortal = 4C098B0113CCC5A4006DAAE0 /* Project object */;
			proxyType = 1;
			remoteGlobalIDString = 4C098B0913CCC5A4006DAAE0;
			remoteInfo = "Defender benchmark";
		};
/* End PBXContainerItemProxy section */

/* Begin PBXFileReference section */
		4C098B0A13CCC5A4006DAAE0 /* Defender benchmark.app */ = {isa = PBXFileReference; explicitFileType = wrapper.application; includeInIndex = 0; path = "Defender benchmark.app"; sourceTree = BUILT_PRODUCTS_DIR; };
		4C098B0E13CCC5A4006DAAE0 /* Cocoa.framework */ = {isa = PBXFileReference; lastKnownFileType = wrapper.framework; name = Cocoa.framework; path = System/Library/Frameworks/Cocoa.framework; sourceTree = SDKROOT; };
		4C098B1113CCC5A4006DAAE0 /* AppKit.framework */ = {isa = PBXFileReference; lastKnownFileType = wrapper.framework; name = AppKit.framework; path = System/Library/Frameworks/AppKit.framework; sourceTree = SDKROOT; };
		4C098B1213CCC5A4006DAAE0 /* CoreData.framework */ = {isa = PBXFileReference; lastKnownFileType = wrapper.framework; name = CoreData.framework; path = System/Library/Frameworks/CoreData.framework; sourceTree = SDKROOT; };
		4C098B1313CCC5A4006DAAE0 /* Foundation.framework */ = {isa = PBXFileReference; lastKnownFileType = wrapper.framework; name = Foundation.framework; path = System/Library/Frameworks/Foundation.framework; sourceTree = SDKROOT; };
		4C098B1613CCC5A4006DAAE0 /* Defender benchmark-Info.plist */ = {isa = PBXFileReference; lastKnownFileType = text.plist.xml; path = "Defender benchmark-Info.plist"; sourceTree = "<group>"; };
		4C098B1813CCC5A4006DAAE0 /* en */ = {isa = PBXFileReference; lastKnownFileType = text.plist.strings; name = en; path = en.lproj/InfoPlist.strings; sourceTree = "<group>"; };
		4C098B1A13CCC5A4006DAAE0 /* main.m */ = {isa = PBXFileReference; lastKnownFileType = sourcecode.c.objc; path = main.m; sourceTree = "<group>"; };
		4C098B1C13CCC5A4006DAAE0 /* Defender benchmark-Prefix.pch */ = {isa = PBXFileReference; lastKnownFileType = sourcecode.c.h; path = "Defender benchmark-Prefix.pch"; sourceTree = "<group>"; };
		4C098B1E13CCC5A4006DAAE0 /* en */ = {isa = PBXFileReference; lastKnownFileType = text.rtf; name = en; path = en.lproj/Credits.rtf; sourceTree = "<group>"; };
		4C098B2013CCC5A4006DAAE0 /* Defender_benchmarkAppDelegate.h */ = {isa = PBXFileReference; lastKnownFileType = sourcecode.c.h; path = Defender_benchmarkAppDelegate.h; sourceTree = "<group>"; };
		4C098B2113CCC5A4006DAAE0 /* Defender_benchmarkAppDelegate.m */ = {isa = PBXFileReference; lastKnownFileType = sourcecode.c.objc; path = Defender_benchmarkAppDelegate.m; sourceTree = "<group>"; };
		4C098B2413CCC5A5006DAAE0 /* en */ = {isa = PBXFileReference; lastKnownFileType = file.xib; name = en; path = en.lproj/MainMenu.xib; sourceTree = "<group>"; };
		4C098B2B13CCC5A5006DAAE0 /* Defender benchmarkTests.octest */ = {isa = PBXFileReference; explicitFileType = wrapper.cfbundle; includeInIndex = 0; path = "Defender benchmarkTests.octest"; sourceTree = BUILT_PRODUCTS_DIR; };
		4C098B2C13CCC5A5006DAAE0 /* SenTestingKit.framework */ = {isa = PBXFileReference; lastKnownFileType = wrapper.framework; name = SenTestingKit.framework; path = Library/Frameworks/SenTestingKit.framework; sourceTree = DEVELOPER_DIR; };
		4C098B3313CCC5A5006DAAE0 /* Defender benchmarkTests-Info.plist */ = {isa = PBXFileReference; lastKnownFileType = text.plist.xml; path = "Defender benchmarkTests-Info.plist"; sourceTree = "<group>"; };
		4C098B3513CCC5A5006DAAE0 /* en */ = {isa = PBXFileReference; lastKnownFileType = text.plist.strings; name = en; path = en.lproj/InfoPlist.strings; sourceTree = "<group>"; };
		4C098B3713CCC5A5006DAAE0 /* Defender_benchmarkTests.h */ = {isa = PBXFileReference; lastKnownFileType = sourcecode.c.h; path = Defender_benchmarkTests.h; sourceTree = "<group>"; };
		4C098B3913CCC5A5006DAAE0 /* Defender_benchmarkTests.m */ = {isa = PBXFileReference; lastKnownFileType = sourcecode.c.objc; path = Defender_benchmarkTests.m; sourceTree = "<group>"; };
		4C098B4313CCC5D8006DAAE0 /* Dice.h */ = {isa = PBXFileReference; fileEncoding = 4; lastKnownFileType = sourcecode.c.h; path = Dice.h; sourceTree = "<group>"; };
		4C098B4413CCC5D8006DAAE0 /* Dice.m */ = {isa = PBXFileReference; fileEncoding = 4; lastKnownFileType = sourcecode.c.objc; path = Dice.m; sourceTree = "<group>"; };
/* End PBXFileReference section */

/* Begin PBXFrameworksBuildPhase section */
		4C098B0713CCC5A4006DAAE0 /* Frameworks */ = {
			isa = PBXFrameworksBuildPhase;
			buildActionMask = 2147483647;
			files = (
				4C098B0F13CCC5A4006DAAE0 /* Cocoa.framework in Frameworks */,
			);
			runOnlyForDeploymentPostprocessing = 0;
		};
		4C098B2713CCC5A5006DAAE0 /* Frameworks */ = {
			isa = PBXFrameworksBuildPhase;
			buildActionMask = 2147483647;
			files = (
				4C098B2D13CCC5A5006DAAE0 /* SenTestingKit.framework in Frameworks */,
				4C098B2E13CCC5A5006DAAE0 /* Cocoa.framework in Frameworks */,
			);
			runOnlyForDeploymentPostprocessing = 0;
		};
/* End PBXFrameworksBuildPhase section */

/* Begin PBXGroup section */
		4C098AFF13CCC5A4006DAAE0 = {
			isa = PBXGroup;
			children = (
				4C098B1413CCC5A4006DAAE0 /* Defender benchmark */,
				4C098B3113CCC5A5006DAAE0 /* Defender benchmarkTests */,
				4C098B0D13CCC5A4006DAAE0 /* Frameworks */,
				4C098B0B13CCC5A4006DAAE0 /* Products */,
			);
			sourceTree = "<group>";
		};
		4C098B0B13CCC5A4006DAAE0 /* Products */ = {
			isa = PBXGroup;
			children = (
				4C098B0A13CCC5A4006DAAE0 /* Defender benchmark.app */,
				4C098B2B13CCC5A5006DAAE0 /* Defender benchmarkTests.octest */,
			);
			name = Products;
			sourceTree = "<group>";
		};
		4C098B0D13CCC5A4006DAAE0 /* Frameworks */ = {
			isa = PBXGroup;
			children = (
				4C098B0E13CCC5A4006DAAE0 /* Cocoa.framework */,
				4C098B2C13CCC5A5006DAAE0 /* SenTestingKit.framework */,
				4C098B1013CCC5A4006DAAE0 /* Other Frameworks */,
			);
			name = Frameworks;
			sourceTree = "<group>";
		};
		4C098B1013CCC5A4006DAAE0 /* Other Frameworks */ = {
			isa = PBXGroup;
			children = (
				4C098B1113CCC5A4006DAAE0 /* AppKit.framework */,
				4C098B1213CCC5A4006DAAE0 /* CoreData.framework */,
				4C098B1313CCC5A4006DAAE0 /* Foundation.framework */,
			);
			name = "Other Frameworks";
			sourceTree = "<group>";
		};
		4C098B1413CCC5A4006DAAE0 /* Defender benchmark */ = {
			isa = PBXGroup;
			children = (
				4C098B2013CCC5A4006DAAE0 /* Defender_benchmarkAppDelegate.h */,
				4C098B2113CCC5A4006DAAE0 /* Defender_benchmarkAppDelegate.m */,
				4C098B2313CCC5A5006DAAE0 /* MainMenu.xib */,
				4C098B1513CCC5A4006DAAE0 /* Supporting Files */,
				4C098B4313CCC5D8006DAAE0 /* Dice.h */,
				4C098B4413CCC5D8006DAAE0 /* Dice.m */,
			);
			path = "Defender benchmark";
			sourceTree = "<group>";
		};
		4C098B1513CCC5A4006DAAE0 /* Supporting Files */ = {
			isa = PBXGroup;
			children = (
				4C098B1613CCC5A4006DAAE0 /* Defender benchmark-Info.plist */,
				4C098B1713CCC5A4006DAAE0 /* InfoPlist.strings */,
				4C098B1A13CCC5A4006DAAE0 /* main.m */,
				4C098B1C13CCC5A4006DAAE0 /* Defender benchmark-Prefix.pch */,
				4C098B1D13CCC5A4006DAAE0 /* Credits.rtf */,
			);
			name = "Supporting Files";
			sourceTree = "<group>";
		};
		4C098B3113CCC5A5006DAAE0 /* Defender benchmarkTests */ = {
			isa = PBXGroup;
			children = (
				4C098B3713CCC5A5006DAAE0 /* Defender_benchmarkTests.h */,
				4C098B3913CCC5A5006DAAE0 /* Defender_benchmarkTests.m */,
				4C098B3213CCC5A5006DAAE0 /* Supporting Files */,
			);
			path = "Defender benchmarkTests";
			sourceTree = "<group>";
		};
		4C098B3213CCC5A5006DAAE0 /* Supporting Files */ = {
			isa = PBXGroup;
			children = (
				4C098B3313CCC5A5006DAAE0 /* Defender benchmarkTests-Info.plist */,
				4C098B3413CCC5A5006DAAE0 /* InfoPlist.strings */,
			);
			name = "Supporting Files";
			sourceTree = "<group>";
		};
/* End PBXGroup section */

/* Begin PBXNativeTarget section */
		4C098B0913CCC5A4006DAAE0 /* Defender benchmark */ = {
			isa = PBXNativeTarget;
			buildConfigurationList = 4C098B3D13CCC5A5006DAAE0 /* Build configuration list for PBXNativeTarget "Defender benchmark" */;
			buildPhases = (
				4C098B0613CCC5A4006DAAE0 /* Sources */,
				4C098B0713CCC5A4006DAAE0 /* Frameworks */,
				4C098B0813CCC5A4006DAAE0 /* Resources */,
			);
			buildRules = (
			);
			dependencies = (
			);
			name = "Defender benchmark";
			productName = "Defender benchmark";
			productReference = 4C098B0A13CCC5A4006DAAE0 /* Defender benchmark.app */;
			productType = "com.apple.product-type.application";
		};
		4C098B2A13CCC5A5006DAAE0 /* Defender benchmarkTests */ = {
			isa = PBXNativeTarget;
			buildConfigurationList = 4C098B4013CCC5A5006DAAE0 /* Build configuration list for PBXNativeTarget "Defender benchmarkTests" */;
			buildPhases = (
				4C098B2613CCC5A5006DAAE0 /* Sources */,
				4C098B2713CCC5A5006DAAE0 /* Frameworks */,
				4C098B2813CCC5A5006DAAE0 /* Resources */,
				4C098B2913CCC5A5006DAAE0 /* ShellScript */,
			);
			buildRules = (
			);
			dependencies = (
				4C098B3013CCC5A5006DAAE0 /* PBXTargetDependency */,
			);
			name = "Defender benchmarkTests";
			productName = "Defender benchmarkTests";
			productReference = 4C098B2B13CCC5A5006DAAE0 /* Defender benchmarkTests.octest */;
			productType = "com.apple.product-type.bundle";
		};
/* End PBXNativeTarget section */

/* Begin PBXProject section */
		4C098B0113CCC5A4006DAAE0 /* Project object */ = {
			isa = PBXProject;
			attributes = {
				ORGANIZATIONNAME = Apple;
			};
			buildConfigurationList = 4C098B0413CCC5A4006DAAE0 /* Build configuration list for PBXProject "Defender benchmark" */;
			compatibilityVersion = "Xcode 3.2";
			developmentRegion = English;
			hasScannedForEncodings = 0;
			knownRegions = (
				en,
			);
			mainGroup = 4C098AFF13CCC5A4006DAAE0;
			productRefGroup = 4C098B0B13CCC5A4006DAAE0 /* Products */;
			projectDirPath = "";
			projectRoot = "";
			targets = (
				4C098B0913CCC5A4006DAAE0 /* Defender benchmark */,
				4C098B2A13CCC5A5006DAAE0 /* Defender benchmarkTests */,
			);
		};
/* End PBXProject section */

/* Begin PBXResourcesBuildPhase section */
		4C098B0813CCC5A4006DAAE0 /* Resources */ = {
			isa = PBXResourcesBuildPhase;
			buildActionMask = 2147483647;
			files = (
				4C098B1913CCC5A4006DAAE0 /* InfoPlist.strings in Resources */,
				4C098B1F13CCC5A4006DAAE0 /* Credits.rtf in Resources */,
				4C098B2513CCC5A5006DAAE0 /* MainMenu.xib in Resources */,
			);
			runOnlyForDeploymentPostprocessing = 0;
		};
		4C098B2813CCC5A5006DAAE0 /* Resources */ = {
			isa = PBXResourcesBuildPhase;
			buildActionMask = 2147483647;
			files = (
				4C098B3613CCC5A5006DAAE0 /* InfoPlist.strings in Resources */,
				4C098B3813CCC5A5006DAAE0 /* Defender_benchmarkTests.h in Resources */,
			);
			runOnlyForDeploymentPostprocessing = 0;
		};
/* End PBXResourcesBuildPhase section */

/* Begin PBXShellScriptBuildPhase section */
		4C098B2913CCC5A5006DAAE0 /* ShellScript */ = {
			isa = PBXShellScriptBuildPhase;
			buildActionMask = 2147483647;
			files = (
			);
			inputPaths = (
			);
			outputPaths = (
			);
			runOnlyForDeploymentPostprocessing = 0;
			shellPath = /bin/sh;
			shellScript = "# Run the unit tests in this test bundle.\n\"${SYSTEM_DEVELOPER_DIR}/Tools/RunUnitTests\"\n";
		};
/* End PBXShellScriptBuildPhase section */

/* Begin PBXSourcesBuildPhase section */
		4C098B0613CCC5A4006DAAE0 /* Sources */ = {
			isa = PBXSourcesBuildPhase;
			buildActionMask = 2147483647;
			files = (
				4C098B1B13CCC5A4006DAAE0 /* main.m in Sources */,
				4C098B2213CCC5A4006DAAE0 /* Defender_benchmarkAppDelegate.m in Sources */,
				4C098B4513CCC5D8006DAAE0 /* Dice.m in Sources */,
			);
			runOnlyForDeploymentPostprocessing = 0;
		};
		4C098B2613CCC5A5006DAAE0 /* Sources */ = {
			isa = PBXSourcesBuildPhase;
			buildActionMask = 2147483647;
			files = (
				4C098B3A13CCC5A5006DAAE0 /* Defender_benchmarkTests.m in Sources */,
				4C098B4613CCC5D8006DAAE0 /* Dice.m in Sources */,
			);
			runOnlyForDeploymentPostprocessing = 0;
		};
/* End PBXSourcesBuildPhase section */

/* Begin PBXTargetDependency section */
		4C098B3013CCC5A5006DAAE0 /* PBXTargetDependency */ = {
			isa = PBXTargetDependency;
			target = 4C098B0913CCC5A4006DAAE0 /* Defender benchmark */;
			targetProxy = 4C098B2F13CCC5A5006DAAE0 /* PBXContainerItemProxy */;
		};
/* End PBXTargetDependency section */

/* Begin PBXVariantGroup section */
		4C098B1713CCC5A4006DAAE0 /* InfoPlist.strings */ = {
			isa = PBXVariantGroup;
			children = (
				4C098B1813CCC5A4006DAAE0 /* en */,
			);
			name = InfoPlist.strings;
			sourceTree = "<group>";
		};
		4C098B1D13CCC5A4006DAAE0 /* Credits.rtf */ = {
			isa = PBXVariantGroup;
			children = (
				4C098B1E13CCC5A4006DAAE0 /* en */,
			);
			name = Credits.rtf;
			sourceTree = "<group>";
		};
		4C098B2313CCC5A5006DAAE0 /* MainMenu.xib */ = {
			isa = PBXVariantGroup;
			children = (
				4C098B2413CCC5A5006DAAE0 /* en */,
			);
			name = MainMenu.xib;
			sourceTree = "<group>";
		};
		4C098B3413CCC5A5006DAAE0 /* InfoPlist.strings */ = {
			isa = PBXVariantGroup;
			children = (
				4C098B3513CCC5A5006DAAE0 /* en */,
			);
			name = InfoPlist.strings;
			sourceTree = "<group>";
		};
/* End PBXVariantGroup section */

/* Begin XCBuildConfiguration section */
		4C098B3B13CCC5A5006DAAE0 /* Debug */ = {
			isa = XCBuildConfiguration;
			buildSettings = {
				ALWAYS_SEARCH_USER_PATHS = NO;
				ARCHS = "$(ARCHS_STANDARD_64_BIT)";
				CLANG_ENABLE_OBJC_ARC = YES;
				COPY_PHASE_STRIP = NO;
				GCC_C_LANGUAGE_STANDARD = gnu99;
				GCC_DYNAMIC_NO_PIC = NO;
				GCC_ENABLE_OBJC_EXCEPTIONS = YES;
				GCC_OPTIMIZATION_LEVEL = 0;
				GCC_PREPROCESSOR_DEFINITIONS = (
					"DEBUG=1",
					"$(inherited)",
				);
				GCC_SYMBOLS_PRIVATE_EXTERN = NO;
				GCC_VERSION = com.apple.compilers.llvm.clang.1_0;
				GCC_WARN_64_TO_32_BIT_CONVERSION = YES;
				GCC_WARN_ABOUT_MISSING_PROTOTYPES = YES;
				GCC_WARN_ABOUT_RETURN_TYPE = YES;
				GCC_WARN_UNUSED_VARIABLE = YES;
				MACOSX_DEPLOYMENT_TARGET = 10.7;
				ONLY_ACTIVE_ARCH = YES;
				SDKROOT = "";
			};
			name = Debug;
		};
		4C098B3C13CCC5A5006DAAE0 /* Release */ = {
			isa = XCBuildConfiguration;
			buildSettings = {
				ALWAYS_SEARCH_USER_PATHS = NO;
				ARCHS = "$(ARCHS_STANDARD_64_BIT)";
				CLANG_ENABLE_OBJC_ARC = YES;
				COPY_PHASE_STRIP = YES;
				DEBUG_INFORMATION_FORMAT = "dwarf-with-dsym";
				GCC_C_LANGUAGE_STANDARD = gnu99;
				GCC_ENABLE_OBJC_EXCEPTIONS = YES;
				GCC_VERSION = com.apple.compilers.llvm.clang.1_0;
				GCC_WARN_64_TO_32_BIT_CONVERSION = YES;
				GCC_WARN_ABOUT_MISSING_PROTOTYPES = YES;
				GCC_WARN_ABOUT_RETURN_TYPE = YES;
				GCC_WARN_UNUSED_VARIABLE = YES;
				MACOSX_DEPLOYMENT_TARGET = 10.7;
				SDKROOT = "";
			};
			name = Release;
		};
		4C098B3E13CCC5A5006DAAE0 /* Debug */ = {
			isa = XCBuildConfiguration;
			buildSettings = {
				GCC_PRECOMPILE_PREFIX_HEADER = YES;
				GCC_PREFIX_HEADER = "Defender benchmark/Defender benchmark-Prefix.pch";
				INFOPLIST_FILE = "Defender benchmark/Defender benchmark-Info.plist";
				PRODUCT_NAME = "$(TARGET_NAME)";
				WRAPPER_EXTENSION = app;
			};
			name = Debug;
		};
		4C098B3F13CCC5A5006DAAE0 /* Release */ = {
			isa = XCBuildConfiguration;
			buildSettings = {
				GCC_PRECOMPILE_PREFIX_HEADER = YES;
				GCC_PREFIX_HEADER = "Defender benchmark/Defender benchmark-Prefix.pch";
				INFOPLIST_FILE = "Defender benchmark/Defender benchmark-Info.plist";
				PRODUCT_NAME = "$(TARGET_NAME)";
				WRAPPER_EXTENSION = app;
			};
			name = Release;
		};
		4C098B4113CCC5A5006DAAE0 /* Debug */ = {
			isa = XCBuildConfiguration;
			buildSettings = {
				BUNDLE_LOADER = "$(BUILT_PRODUCTS_DIR)/Defender benchmark.app/Contents/MacOS/Defender benchmark";
				FRAMEWORK_SEARCH_PATHS = "$(DEVELOPER_LIBRARY_DIR)/Frameworks";
				GCC_PRECOMPILE_PREFIX_HEADER = YES;
				GCC_PREFIX_HEADER = "Defender benchmark/Defender benchmark-Prefix.pch";
				INFOPLIST_FILE = "Defender benchmarkTests/Defender benchmarkTests-Info.plist";
				PRODUCT_NAME = "$(TARGET_NAME)";
				TEST_HOST = "$(BUNDLE_LOADER)";
				WRAPPER_EXTENSION = octest;
			};
			name = Debug;
		};
		4C098B4213CCC5A5006DAAE0 /* Release */ = {
			isa = XCBuildConfiguration;
			buildSettings = {
				BUNDLE_LOADER = "$(BUILT_PRODUCTS_DIR)/Defender benchmark.app/Contents/MacOS/Defender benchmark";
				FRAMEWORK_SEARCH_PATHS = "$(DEVELOPER_LIBRARY_DIR)/Frameworks";
				GCC_PRECOMPILE_PREFIX_HEADER = YES;
				GCC_PREFIX_HEADER = "Defender benchmark/Defender benchmark-Prefix.pch";
				INFOPLIST_FILE = "Defender benchmarkTests/Defender benchmarkTests-Info.plist";
				PRODUCT_NAME = "$(TARGET_NAME)";
				TEST_HOST = "$(BUNDLE_LOADER)";
				WRAPPER_EXTENSION = octest;
			};
			name = Release;
		};
/* End XCBuildConfiguration section */

/* Begin XCConfigurationList section */
		4C098B0413CCC5A4006DAAE0 /* Build configuration list for PBXProject "Defender benchmark" */ = {
			isa = XCConfigurationList;
			buildConfigurations = (
				4C098B3B13CCC5A5006DAAE0 /* Debug */,
				4C098B3C13CCC5A5006DAAE0 /* Release */,
			);
			defaultConfigurationIsVisible = 0;
			defaultConfigurationName = Release;
		};
		4C098B3D13CCC5A5006DAAE0 /* Build configuration list for PBXNativeTarget "Defender benchmark" */ = {
			isa = XCConfigurationList;
			buildConfigurations = (
				4C098B3E13CCC5A5006DAAE0 /* Debug */,
				4C098B3F13CCC5A5006DAAE0 /* Release */,
			);
			defaultConfigurationIsVisible = 0;
		};
		4C098B4013CCC5A5006DAAE0 /* Build configuration list for PBXNativeTarget "Defender benchmarkTests" */ = {
			isa = XCConfigurationList;
			buildConfigurations = (
				4C098B4113CCC5A5006DAAE0 /* Debug */,
				4C098B4213CCC5A5006DAAE0 /* Release */,
			);
			defaultConfigurationIsVisible = 0;
		};
/* End XCConfigurationList section */
	};
	rootObject = 4C098B0113CCC5A4006DAAE0 /* Project object */;
}
